
Microsoft Visual Studio Solution File, Format Version 12.00
# Visual Studio Version 17
VisualStudioVersion = 17.7.34221.43
MinimumVisualStudioVersion = 10.0.40219.1
Project("{9A19103F-16F7-4668-BE54-9A1E7A4F7556}") = "Section2.미로 준비", "Section2.미로 준비.csproj", "{8D5D7BE1-BAC4-428A-A7D9-B4F5E53B5618}"
EndProject
Project("{FAE04EC0-301F-11D3-BF4B-00C04F79EFBC}") = "Section1.선형 자료 기초", "..\Section1\Section1.선형 자료 기초.csproj", "{6A8D87CF-2ECC-4E52-8F6E-D2D10D829A93}"
EndProject
Project("{FAE04EC0-301F-11D3-BF4B-00C04F79EFBC}") = "Section3. 그래프", "..\Section3. 그래프\Section3. 그래프.csproj", "{8396EE3F-55BE-467B-8C1B-600257461F67}"
EndProject
Global
	GlobalSection(SolutionConfigurationPlatforms) = preSolution
		Debug|Any CPU = Debug|Any CPU
		Release|Any CPU = Release|Any CPU
	EndGlobalSection
	GlobalSection(ProjectConfigurationPlatforms) = postSolution
		{8D5D7BE1-BAC4-428A-A7D9-B4F5E53B5618}.Debug|Any CPU.ActiveCfg = Debug|Any CPU
		{8D5D7BE1-BAC4-428A-A7D9-B4F5E53B5618}.Debug|Any CPU.Build.0 = Debug|Any CPU
		{8D5D7BE1-BAC4-428A-A7D9-B4F5E53B5618}.Release|Any CPU.ActiveCfg = Release|Any CPU
		{8D5D7BE1-BAC4-428A-A7D9-B4F5E53B5618}.Release|Any CPU.Build.0 = Release|Any CPU
		{6A8D87CF-2ECC-4E52-8F6E-D2D10D829A93}.Debug|Any CPU.ActiveCfg = Debug|Any CPU
		{6A8D87CF-2ECC-4E52-8F6E-D2D10D829A93}.Debug|Any CPU.Build.0 = Debug|Any CPU
		{6A8D87CF-2ECC-4E52-8F6E-D2D10D829A93}.Release|Any CPU.ActiveCfg = Release|Any CPU
		{6A8D87CF-2ECC-4E52-8F6E-D2D10D829A93}.Release|Any CPU.Build.0 = Release|Any CPU
		{8396EE3F-55BE-467B-8C1B-600257461F67}.Debug|Any CPU.ActiveCfg = Debug|Any CPU
		{8396EE3F-55BE-467B-8C1B-600257461F67}.Debug|Any CPU.Build.0 = Debug|Any CPU
		{8396EE3F-55BE-467B-8C1B-600257461F67}.Release|Any CPU.ActiveCfg = Release|Any CPU
		{8396EE3F-55BE-467B-8C1B-600257461F67}.Release|Any CPU.Build.0 = Release|Any CPU
	EndGlobalSection
	GlobalSection(SolutionProperties) = preSolution
		HideSolutionNode = FALSE
	EndGlobalSection
	GlobalSection(ExtensibilityGlobals) = postSolution
		SolutionGuid = {32CD526E-FAD7-4A90-B384-23D8FF02B18F}
	EndGlobalSection
EndGlobal
